// !$*UTF8*$!
{
	archiveVersion = 1;
	classes = {
	};
	objectVersion = 46;
	objects = {

/* Begin PBXBuildFile section */
		058DE42F1EDBA84D002EAEB4 /* main.m in Sources */ = {isa = PBXBuildFile; fileRef = 058DE42E1EDBA84D002EAEB4 /* main.m */; };
		058DE4321EDBA84D002EAEB4 /* AppDelegate.m in Sources */ = {isa = PBXBuildFile; fileRef = 058DE4311EDBA84D002EAEB4 /* AppDelegate.m */; };
		058DE4351EDBA84D002EAEB4 /* ViewController.m in Sources */ = {isa = PBXBuildFile; fileRef = 058DE4341EDBA84D002EAEB4 /* ViewController.m */; };
		058DE4381EDBA84D002EAEB4 /* Main.storyboard in Resources */ = {isa = PBXBuildFile; fileRef = 058DE4361EDBA84D002EAEB4 /* Main.storyboard */; };
		058DE43A1EDBA84D002EAEB4 /* Assets.xcassets in Resources */ = {isa = PBXBuildFile; fileRef = 058DE4391EDBA84D002EAEB4 /* Assets.xcassets */; };
		058DE43D1EDBA84D002EAEB4 /* LaunchScreen.storyboard in Resources */ = {isa = PBXBuildFile; fileRef = 058DE43B1EDBA84D002EAEB4 /* LaunchScreen.storyboard */; };
		058DE4481EDBA84D002EAEB4 /* RSSParserTests.m in Sources */ = {isa = PBXBuildFile; fileRef = 058DE4471EDBA84D002EAEB4 /* RSSParserTests.m */; };
		058DE4531EDBA84D002EAEB4 /* RSSParserUITests.m in Sources */ = {isa = PBXBuildFile; fileRef = 058DE4521EDBA84D002EAEB4 /* RSSParserUITests.m */; };
		058DE4621EDBB5D1002EAEB4 /* RSSEntry.m in Sources */ = {isa = PBXBuildFile; fileRef = 058DE4611EDBB5D1002EAEB4 /* RSSEntry.m */; };
		058DE4651EDBBACB002EAEB4 /* RSSParser.m in Sources */ = {isa = PBXBuildFile; fileRef = 058DE4641EDBBACB002EAEB4 /* RSSParser.m */; };
		05E69EFD1EDCCED000D81F9A /* RSSCollectionViewCell.m in Sources */ = {isa = PBXBuildFile; fileRef = 05E69EFC1EDCCED000D81F9A /* RSSCollectionViewCell.m */; };
		05E69F001EDCD55600D81F9A /* RSSCollectionViewController.m in Sources */ = {isa = PBXBuildFile; fileRef = 05E69EFF1EDCD55600D81F9A /* RSSCollectionViewController.m */; };
/* End PBXBuildFile section */

/* Begin PBXContainerItemProxy section */
		058DE4441EDBA84D002EAEB4 /* PBXContainerItemProxy */ = {
			isa = PBXContainerItemProxy;
			containerPortal = 058DE4221EDBA84D002EAEB4 /* Project object */;
			proxyType = 1;
			remoteGlobalIDString = 058DE4291EDBA84D002EAEB4;
			remoteInfo = RSSParser;
		};
		058DE44F1EDBA84D002EAEB4 /* PBXContainerItemProxy */ = {
			isa = PBXContainerItemProxy;
			containerPortal = 058DE4221EDBA84D002EAEB4 /* Project object */;
			proxyType = 1;
			remoteGlobalIDString = 058DE4291EDBA84D002EAEB4;
			remoteInfo = RSSParser;
		};
/* End PBXContainerItemProxy section */

/* Begin PBXFileReference section */
		058DE42A1EDBA84D002EAEB4 /* RSSParser.app */ = {isa = PBXFileReference; explicitFileType = wrapper.application; includeInIndex = 0; path = RSSParser.app; sourceTree = BUILT_PRODUCTS_DIR; };
		058DE42E1EDBA84D002EAEB4 /* main.m */ = {isa = PBXFileReference; lastKnownFileType = sourcecode.c.objc; path = main.m; sourceTree = "<group>"; };
		058DE4301EDBA84D002EAEB4 /* AppDelegate.h */ = {isa = PBXFileReference; lastKnownFileType = sourcecode.c.h; path = AppDelegate.h; sourceTree = "<group>"; };
		058DE4311EDBA84D002EAEB4 /* AppDelegate.m */ = {isa = PBXFileReference; lastKnownFileType = sourcecode.c.objc; path = AppDelegate.m; sourceTree = "<group>"; };
		058DE4331EDBA84D002EAEB4 /* ViewController.h */ = {isa = PBXFileReference; lastKnownFileType = sourcecode.c.h; path = ViewController.h; sourceTree = "<group>"; };
		058DE4341EDBA84D002EAEB4 /* ViewController.m */ = {isa = PBXFileReference; lastKnownFileType = sourcecode.c.objc; path = ViewController.m; sourceTree = "<group>"; };
		058DE4371EDBA84D002EAEB4 /* Base */ = {isa = PBXFileReference; lastKnownFileType = file.storyboard; name = Base; path = Base.lproj/Main.storyboard; sourceTree = "<group>"; };
		058DE4391EDBA84D002EAEB4 /* Assets.xcassets */ = {isa = PBXFileReference; lastKnownFileType = folder.assetcatalog; path = Assets.xcassets; sourceTree = "<group>"; };
		058DE43C1EDBA84D002EAEB4 /* Base */ = {isa = PBXFileReference; lastKnownFileType = file.storyboard; name = Base; path = Base.lproj/LaunchScreen.storyboard; sourceTree = "<group>"; };
		058DE43E1EDBA84D002EAEB4 /* Info.plist */ = {isa = PBXFileReference; lastKnownFileType = text.plist.xml; path = Info.plist; sourceTree = "<group>"; };
		058DE4431EDBA84D002EAEB4 /* RSSParserTests.xctest */ = {isa = PBXFileReference; explicitFileType = wrapper.cfbundle; includeInIndex = 0; path = RSSParserTests.xctest; sourceTree = BUILT_PRODUCTS_DIR; };
		058DE4471EDBA84D002EAEB4 /* RSSParserTests.m */ = {isa = PBXFileReference; lastKnownFileType = sourcecode.c.objc; path = RSSParserTests.m; sourceTree = "<group>"; };
		058DE4491EDBA84D002EAEB4 /* Info.plist */ = {isa = PBXFileReference; lastKnownFileType = text.plist.xml; path = Info.plist; sourceTree = "<group>"; };
		058DE44E1EDBA84D002EAEB4 /* RSSParserUITests.xctest */ = {isa = PBXFileReference; explicitFileType = wrapper.cfbundle; includeInIndex = 0; path = RSSParserUITests.xctest; sourceTree = BUILT_PRODUCTS_DIR; };
		058DE4521EDBA84D002EAEB4 /* RSSParserUITests.m */ = {isa = PBXFileReference; lastKnownFileType = sourcecode.c.objc; path = RSSParserUITests.m; sourceTree = "<group>"; };
		058DE4541EDBA84D002EAEB4 /* Info.plist */ = {isa = PBXFileReference; lastKnownFileType = text.plist.xml; path = Info.plist; sourceTree = "<group>"; };
		058DE4601EDBB5D1002EAEB4 /* RSSEntry.h */ = {isa = PBXFileReference; fileEncoding = 4; lastKnownFileType = sourcecode.c.h; path = RSSEntry.h; sourceTree = "<group>"; };
		058DE4611EDBB5D1002EAEB4 /* RSSEntry.m */ = {isa = PBXFileReference; fileEncoding = 4; lastKnownFileType = sourcecode.c.objc; path = RSSEntry.m; sourceTree = "<group>"; };
		058DE4631EDBBACB002EAEB4 /* RSSParser.h */ = {isa = PBXFileReference; fileEncoding = 4; lastKnownFileType = sourcecode.c.h; path = RSSParser.h; sourceTree = "<group>"; };
		058DE4641EDBBACB002EAEB4 /* RSSParser.m */ = {isa = PBXFileReference; fileEncoding = 4; lastKnownFileType = sourcecode.c.objc; path = RSSParser.m; sourceTree = "<group>"; };
		05E69EFB1EDCCED000D81F9A /* RSSCollectionViewCell.h */ = {isa = PBXFileReference; fileEncoding = 4; lastKnownFileType = sourcecode.c.h; path = RSSCollectionViewCell.h; sourceTree = "<group>"; };
		05E69EFC1EDCCED000D81F9A /* RSSCollectionViewCell.m */ = {isa = PBXFileReference; fileEncoding = 4; lastKnownFileType = sourcecode.c.objc; path = RSSCollectionViewCell.m; sourceTree = "<group>"; };
		05E69EFE1EDCD55600D81F9A /* RSSCollectionViewController.h */ = {isa = PBXFileReference; fileEncoding = 4; lastKnownFileType = sourcecode.c.h; path = RSSCollectionViewController.h; sourceTree = "<group>"; };
		05E69EFF1EDCD55600D81F9A /* RSSCollectionViewController.m */ = {isa = PBXFileReference; fileEncoding = 4; lastKnownFileType = sourcecode.c.objc; path = RSSCollectionViewController.m; sourceTree = "<group>"; };
/* End PBXFileReference section */

/* Begin PBXFrameworksBuildPhase section */
		058DE4271EDBA84D002EAEB4 /* Frameworks */ = {
			isa = PBXFrameworksBuildPhase;
			buildActionMask = 2147483647;
			files = (
			);
			runOnlyForDeploymentPostprocessing = 0;
		};
		058DE4401EDBA84D002EAEB4 /* Frameworks */ = {
			isa = PBXFrameworksBuildPhase;
			buildActionMask = 2147483647;
			files = (
			);
			runOnlyForDeploymentPostprocessing = 0;
		};
		058DE44B1EDBA84D002EAEB4 /* Frameworks */ = {
			isa = PBXFrameworksBuildPhase;
			buildActionMask = 2147483647;
			files = (
			);
			runOnlyForDeploymentPostprocessing = 0;
		};
/* End PBXFrameworksBuildPhase section */

/* Begin PBXGroup section */
		058DE4211EDBA84D002EAEB4 = {
			isa = PBXGroup;
			children = (
				058DE42C1EDBA84D002EAEB4 /* RSSParser */,
				058DE4461EDBA84D002EAEB4 /* RSSParserTests */,
				058DE4511EDBA84D002EAEB4 /* RSSParserUITests */,
				058DE42B1EDBA84D002EAEB4 /* Products */,
			);
			sourceTree = "<group>";
		};
		058DE42B1EDBA84D002EAEB4 /* Products */ = {
			isa = PBXGroup;
			children = (
				058DE42A1EDBA84D002EAEB4 /* RSSParser.app */,
				058DE4431EDBA84D002EAEB4 /* RSSParserTests.xctest */,
				058DE44E1EDBA84D002EAEB4 /* RSSParserUITests.xctest */,
			);
			name = Products;
			sourceTree = "<group>";
		};
		058DE42C1EDBA84D002EAEB4 /* RSSParser */ = {
			isa = PBXGroup;
			children = (
				058DE4301EDBA84D002EAEB4 /* AppDelegate.h */,
				058DE4311EDBA84D002EAEB4 /* AppDelegate.m */,
				058DE4331EDBA84D002EAEB4 /* ViewController.h */,
				058DE4341EDBA84D002EAEB4 /* ViewController.m */,
				058DE4631EDBBACB002EAEB4 /* RSSParser.h */,
				058DE4641EDBBACB002EAEB4 /* RSSParser.m */,
				058DE4601EDBB5D1002EAEB4 /* RSSEntry.h */,
				058DE4611EDBB5D1002EAEB4 /* RSSEntry.m */,
				05E69EFE1EDCD55600D81F9A /* RSSCollectionViewController.h */,
				05E69EFF1EDCD55600D81F9A /* RSSCollectionViewController.m */,
				05E69EFB1EDCCED000D81F9A /* RSSCollectionViewCell.h */,
				05E69EFC1EDCCED000D81F9A /* RSSCollectionViewCell.m */,
				058DE4361EDBA84D002EAEB4 /* Main.storyboard */,
				058DE4391EDBA84D002EAEB4 /* Assets.xcassets */,
				058DE43B1EDBA84D002EAEB4 /* LaunchScreen.storyboard */,
				058DE43E1EDBA84D002EAEB4 /* Info.plist */,
				058DE42D1EDBA84D002EAEB4 /* Supporting Files */,
			);
			path = RSSParser;
			sourceTree = "<group>";
		};
		058DE42D1EDBA84D002EAEB4 /* Supporting Files */ = {
			isa = PBXGroup;
			children = (
				058DE42E1EDBA84D002EAEB4 /* main.m */,
			);
			name = "Supporting Files";
			sourceTree = "<group>";
		};
		058DE4461EDBA84D002EAEB4 /* RSSParserTests */ = {
			isa = PBXGroup;
			children = (
				058DE4471EDBA84D002EAEB4 /* RSSParserTests.m */,
				058DE4491EDBA84D002EAEB4 /* Info.plist */,
			);
			path = RSSParserTests;
			sourceTree = "<group>";
		};
		058DE4511EDBA84D002EAEB4 /* RSSParserUITests */ = {
			isa = PBXGroup;
			children = (
				058DE4521EDBA84D002EAEB4 /* RSSParserUITests.m */,
				058DE4541EDBA84D002EAEB4 /* Info.plist */,
			);
			path = RSSParserUITests;
			sourceTree = "<group>";
		};
/* End PBXGroup section */

/* Begin PBXNativeTarget section */
		058DE4291EDBA84D002EAEB4 /* RSSParser */ = {
			isa = PBXNativeTarget;
			buildConfigurationList = 058DE4571EDBA84D002EAEB4 /* Build configuration list for PBXNativeTarget "RSSParser" */;
			buildPhases = (
				058DE4261EDBA84D002EAEB4 /* Sources */,
				058DE4271EDBA84D002EAEB4 /* Frameworks */,
				058DE4281EDBA84D002EAEB4 /* Resources */,
			);
			buildRules = (
			);
			dependencies = (
			);
			name = RSSParser;
			productName = RSSParser;
			productReference = 058DE42A1EDBA84D002EAEB4 /* RSSParser.app */;
			productType = "com.apple.product-type.application";
		};
		058DE4421EDBA84D002EAEB4 /* RSSParserTests */ = {
			isa = PBXNativeTarget;
			buildConfigurationList = 058DE45A1EDBA84D002EAEB4 /* Build configuration list for PBXNativeTarget "RSSParserTests" */;
			buildPhases = (
				058DE43F1EDBA84D002EAEB4 /* Sources */,
				058DE4401EDBA84D002EAEB4 /* Frameworks */,
				058DE4411EDBA84D002EAEB4 /* Resources */,
			);
			buildRules = (
			);
			dependencies = (
				058DE4451EDBA84D002EAEB4 /* PBXTargetDependency */,
			);
			name = RSSParserTests;
			productName = RSSParserTests;
			productReference = 058DE4431EDBA84D002EAEB4 /* RSSParserTests.xctest */;
			productType = "com.apple.product-type.bundle.unit-test";
		};
		058DE44D1EDBA84D002EAEB4 /* RSSParserUITests */ = {
			isa = PBXNativeTarget;
			buildConfigurationList = 058DE45D1EDBA84D002EAEB4 /* Build configuration list for PBXNativeTarget "RSSParserUITests" */;
			buildPhases = (
				058DE44A1EDBA84D002EAEB4 /* Sources */,
				058DE44B1EDBA84D002EAEB4 /* Frameworks */,
				058DE44C1EDBA84D002EAEB4 /* Resources */,
			);
			buildRules = (
			);
			dependencies = (
				058DE4501EDBA84D002EAEB4 /* PBXTargetDependency */,
			);
			name = RSSParserUITests;
			productName = RSSParserUITests;
			productReference = 058DE44E1EDBA84D002EAEB4 /* RSSParserUITests.xctest */;
			productType = "com.apple.product-type.bundle.ui-testing";
		};
/* End PBXNativeTarget section */

/* Begin PBXProject section */
		058DE4221EDBA84D002EAEB4 /* Project object */ = {
			isa = PBXProject;
			attributes = {
				LastUpgradeCheck = 0820;
				ORGANIZATIONNAME = jelfar;
				TargetAttributes = {
					058DE4291EDBA84D002EAEB4 = {
						CreatedOnToolsVersion = 8.2.1;
						DevelopmentTeam = 42PBTM6BUX;
						ProvisioningStyle = Automatic;
					};
					058DE4421EDBA84D002EAEB4 = {
						CreatedOnToolsVersion = 8.2.1;
						DevelopmentTeam = 42PBTM6BUX;
						ProvisioningStyle = Automatic;
						TestTargetID = 058DE4291EDBA84D002EAEB4;
					};
					058DE44D1EDBA84D002EAEB4 = {
						CreatedOnToolsVersion = 8.2.1;
						DevelopmentTeam = 42PBTM6BUX;
						ProvisioningStyle = Automatic;
						TestTargetID = 058DE4291EDBA84D002EAEB4;
					};
				};
			};
			buildConfigurationList = 058DE4251EDBA84D002EAEB4 /* Build configuration list for PBXProject "RSSParser" */;
			compatibilityVersion = "Xcode 3.2";
			developmentRegion = English;
			hasScannedForEncodings = 0;
			knownRegions = (
				en,
				Base,
			);
			mainGroup = 058DE4211EDBA84D002EAEB4;
			productRefGroup = 058DE42B1EDBA84D002EAEB4 /* Products */;
			projectDirPath = "";
			projectRoot = "";
			targets = (
				058DE4291EDBA84D002EAEB4 /* RSSParser */,
				058DE4421EDBA84D002EAEB4 /* RSSParserTests */,
				058DE44D1EDBA84D002EAEB4 /* RSSParserUITests */,
			);
		};
/* End PBXProject section */

/* Begin PBXResourcesBuildPhase section */
		058DE4281EDBA84D002EAEB4 /* Resources */ = {
			isa = PBXResourcesBuildPhase;
			buildActionMask = 2147483647;
			files = (
				058DE43D1EDBA84D002EAEB4 /* LaunchScreen.storyboard in Resources */,
				058DE43A1EDBA84D002EAEB4 /* Assets.xcassets in Resources */,
				058DE4381EDBA84D002EAEB4 /* Main.storyboard in Resources */,
			);
			runOnlyForDeploymentPostprocessing = 0;
		};
		058DE4411EDBA84D002EAEB4 /* Resources */ = {
			isa = PBXResourcesBuildPhase;
			buildActionMask = 2147483647;
			files = (
			);
			runOnlyForDeploymentPostprocessing = 0;
		};
		058DE44C1EDBA84D002EAEB4 /* Resources */ = {
			isa = PBXResourcesBuildPhase;
			buildActionMask = 2147483647;
			files = (
			);
			runOnlyForDeploymentPostprocessing = 0;
		};
/* End PBXResourcesBuildPhase section */

/* Begin PBXSourcesBuildPhase section */
		058DE4261EDBA84D002EAEB4 /* Sources */ = {
			isa = PBXSourcesBuildPhase;
			buildActionMask = 2147483647;
			files = (
				058DE4351EDBA84D002EAEB4 /* ViewController.m in Sources */,
				05E69EFD1EDCCED000D81F9A /* RSSCollectionViewCell.m in Sources */,
				058DE4321EDBA84D002EAEB4 /* AppDelegate.m in Sources */,
				05E69F001EDCD55600D81F9A /* RSSCollectionViewController.m in Sources */,
				058DE4651EDBBACB002EAEB4 /* RSSParser.m in Sources */,
				058DE42F1EDBA84D002EAEB4 /* main.m in Sources */,
				058DE4621EDBB5D1002EAEB4 /* RSSEntry.m in Sources */,
			);
			runOnlyForDeploymentPostprocessing = 0;
		};
		058DE43F1EDBA84D002EAEB4 /* Sources */ = {
			isa = PBXSourcesBuildPhase;
			buildActionMask = 2147483647;
			files = (
				058DE4481EDBA84D002EAEB4 /* RSSParserTests.m in Sources */,
			);
			runOnlyForDeploymentPostprocessing = 0;
		};
		058DE44A1EDBA84D002EAEB4 /* Sources */ = {
			isa = PBXSourcesBuildPhase;
			buildActionMask = 2147483647;
			files = (
				058DE4531EDBA84D002EAEB4 /* RSSParserUITests.m in Sources */,
			);
			runOnlyForDeploymentPostprocessing = 0;
		};
/* End PBXSourcesBuildPhase section */

/* Begin PBXTargetDependency section */
		058DE4451EDBA84D002EAEB4 /* PBXTargetDependency */ = {
			isa = PBXTargetDependency;
			target = 058DE4291EDBA84D002EAEB4 /* RSSParser */;
			targetProxy = 058DE4441EDBA84D002EAEB4 /* PBXContainerItemProxy */;
		};
		058DE4501EDBA84D002EAEB4 /* PBXTargetDependency */ = {
			isa = PBXTargetDependency;
			target = 058DE4291EDBA84D002EAEB4 /* RSSParser */;
			targetProxy = 058DE44F1EDBA84D002EAEB4 /* PBXContainerItemProxy */;
		};
/* End PBXTargetDependency section */

/* Begin PBXVariantGroup section */
		058DE4361EDBA84D002EAEB4 /* Main.storyboard */ = {
			isa = PBXVariantGroup;
			children = (
				058DE4371EDBA84D002EAEB4 /* Base */,
			);
			name = Main.storyboard;
			sourceTree = "<group>";
		};
		058DE43B1EDBA84D002EAEB4 /* LaunchScreen.storyboard */ = {
			isa = PBXVariantGroup;
			children = (
				058DE43C1EDBA84D002EAEB4 /* Base */,
			);
			name = LaunchScreen.storyboard;
			sourceTree = "<group>";
		};
/* End PBXVariantGroup section */

/* Begin XCBuildConfiguration section */
		058DE4551EDBA84D002EAEB4 /* Debug */ = {
			isa = XCBuildConfiguration;
			buildSettings = {
				ALWAYS_SEARCH_USER_PATHS = NO;
				CLANG_ANALYZER_NONNULL = YES;
				CLANG_CXX_LANGUAGE_STANDARD = "gnu++0x";
				CLANG_CXX_LIBRARY = "libc++";
				CLANG_ENABLE_MODULES = YES;
				CLANG_ENABLE_OBJC_ARC = YES;
				CLANG_WARN_BOOL_CONVERSION = YES;
				CLANG_WARN_CONSTANT_CONVERSION = YES;
				CLANG_WARN_DIRECT_OBJC_ISA_USAGE = YES_ERROR;
				CLANG_WARN_DOCUMENTATION_COMMENTS = YES;
				CLANG_WARN_EMPTY_BODY = YES;
				CLANG_WARN_ENUM_CONVERSION = YES;
				CLANG_WARN_INFINITE_RECURSION = YES;
				CLANG_WARN_INT_CONVERSION = YES;
				CLANG_WARN_OBJC_ROOT_CLASS = YES_ERROR;
				CLANG_WARN_SUSPICIOUS_MOVE = YES;
				CLANG_WARN_UNREACHABLE_CODE = YES;
				CLANG_WARN__DUPLICATE_METHOD_MATCH = YES;
				"CODE_SIGN_IDENTITY[sdk=iphoneos*]" = "iPhone Developer";
				COPY_PHASE_STRIP = NO;
				DEBUG_INFORMATION_FORMAT = dwarf;
				ENABLE_STRICT_OBJC_MSGSEND = YES;
				ENABLE_TESTABILITY = YES;
				GCC_C_LANGUAGE_STANDARD = gnu99;
				GCC_DYNAMIC_NO_PIC = NO;
				GCC_NO_COMMON_BLOCKS = YES;
				GCC_OPTIMIZATION_LEVEL = 0;
				GCC_PREPROCESSOR_DEFINITIONS = (
					"DEBUG=1",
					"$(inherited)",
				);
				GCC_WARN_64_TO_32_BIT_CONVERSION = YES;
				GCC_WARN_ABOUT_RETURN_TYPE = YES_ERROR;
				GCC_WARN_UNDECLARED_SELECTOR = YES;
				GCC_WARN_UNINITIALIZED_AUTOS = YES_AGGRESSIVE;
				GCC_WARN_UNUSED_FUNCTION = YES;
				GCC_WARN_UNUSED_VARIABLE = YES;
				IPHONEOS_DEPLOYMENT_TARGET = 10.2;
				MTL_ENABLE_DEBUG_INFO = YES;
				ONLY_ACTIVE_ARCH = YES;
				SDKROOT = iphoneos;
				TARGETED_DEVICE_FAMILY = "1,2";
			};
			name = Debug;
		};
		058DE4561EDBA84D002EAEB4 /* Release */ = {
			isa = XCBuildConfiguration;
			buildSettings = {
				ALWAYS_SEARCH_USER_PATHS = NO;
				CLANG_ANALYZER_NONNULL = YES;
				CLANG_CXX_LANGUAGE_STANDARD = "gnu++0x";
				CLANG_CXX_LIBRARY = "libc++";
				CLANG_ENABLE_MODULES = YES;
				CLANG_ENABLE_OBJC_ARC = YES;
				CLANG_WARN_BOOL_CONVERSION = YES;
				CLANG_WARN_CONSTANT_CONVERSION = YES;
				CLANG_WARN_DIRECT_OBJC_ISA_USAGE = YES_ERROR;
				CLANG_WARN_DOCUMENTATION_COMMENTS = YES;
				CLANG_WARN_EMPTY_BODY = YES;
				CLANG_WARN_ENUM_CONVERSION = YES;
				CLANG_WARN_INFINITE_RECURSION = YES;
				CLANG_WARN_INT_CONVERSION = YES;
				CLANG_WARN_OBJC_ROOT_CLASS = YES_ERROR;
				CLANG_WARN_SUSPICIOUS_MOVE = YES;
				CLANG_WARN_UNREACHABLE_CODE = YES;
				CLANG_WARN__DUPLICATE_METHOD_MATCH = YES;
				"CODE_SIGN_IDENTITY[sdk=iphoneos*]" = "iPhone Developer";
				COPY_PHASE_STRIP = NO;
				DEBUG_INFORMATION_FORMAT = "dwarf-with-dsym";
				ENABLE_NS_ASSERTIONS = NO;
				ENABLE_STRICT_OBJC_MSGSEND = YES;
				GCC_C_LANGUAGE_STANDARD = gnu99;
				GCC_NO_COMMON_BLOCKS = YES;
				GCC_WARN_64_TO_32_BIT_CONVERSION = YES;
				GCC_WARN_ABOUT_RETURN_TYPE = YES_ERROR;
				GCC_WARN_UNDECLARED_SELECTOR = YES;
				GCC_WARN_UNINITIALIZED_AUTOS = YES_AGGRESSIVE;
				GCC_WARN_UNUSED_FUNCTION = YES;
				GCC_WARN_UNUSED_VARIABLE = YES;
				IPHONEOS_DEPLOYMENT_TARGET = 10.2;
				MTL_ENABLE_DEBUG_INFO = NO;
				SDKROOT = iphoneos;
				TARGETED_DEVICE_FAMILY = "1,2";
				VALIDATE_PRODUCT = YES;
			};
			name = Release;
		};
		058DE4581EDBA84D002EAEB4 /* Debug */ = {
			isa = XCBuildConfiguration;
			buildSettings = {
				ASSETCATALOG_COMPILER_APPICON_NAME = AppIcon;
				DEVELOPMENT_TEAM = 42PBTM6BUX;
				INFOPLIST_FILE = RSSParser/Info.plist;
				LD_RUNPATH_SEARCH_PATHS = "$(inherited) @executable_path/Frameworks";
				PRODUCT_BUNDLE_IDENTIFIER = com.jelfar.RSSParser;
				PRODUCT_NAME = "$(TARGET_NAME)";
			};
			name = Debug;
		};
		058DE4591EDBA84D002EAEB4 /* Release */ = {
			isa = XCBuildConfiguration;
			buildSettings = {
				ASSETCATALOG_COMPILER_APPICON_NAME = AppIcon;
				DEVELOPMENT_TEAM = 42PBTM6BUX;
				INFOPLIST_FILE = RSSParser/Info.plist;
				LD_RUNPATH_SEARCH_PATHS = "$(inherited) @executable_path/Frameworks";
				PRODUCT_BUNDLE_IDENTIFIER = com.jelfar.RSSParser;
				PRODUCT_NAME = "$(TARGET_NAME)";
			};
			name = Release;
		};
		058DE45B1EDBA84D002EAEB4 /* Debug */ = {
			isa = XCBuildConfiguration;
			buildSettings = {
				BUNDLE_LOADER = "$(TEST_HOST)";
				DEVELOPMENT_TEAM = 42PBTM6BUX;
				INFOPLIST_FILE = RSSParserTests/Info.plist;
				LD_RUNPATH_SEARCH_PATHS = "$(inherited) @executable_path/Frameworks @loader_path/Frameworks";
				PRODUCT_BUNDLE_IDENTIFIER = com.jelfar.RSSParserTests;
				PRODUCT_NAME = "$(TARGET_NAME)";
				TEST_HOST = "$(BUILT_PRODUCTS_DIR)/RSSParser.app/RSSParser";
			};
			name = Debug;
		};
		058DE45C1EDBA84D002EAEB4 /* Release */ = {
			isa = XCBuildConfiguration;
			buildSettings = {
				BUNDLE_LOADER = "$(TEST_HOST)";
				DEVELOPMENT_TEAM = 42PBTM6BUX;
				INFOPLIST_FILE = RSSParserTests/Info.plist;
				LD_RUNPATH_SEARCH_PATHS = "$(inherited) @executable_path/Frameworks @loader_path/Frameworks";
				PRODUCT_BUNDLE_IDENTIFIER = com.jelfar.RSSParserTests;
				PRODUCT_NAME = "$(TARGET_NAME)";
				TEST_HOST = "$(BUILT_PRODUCTS_DIR)/RSSParser.app/RSSParser";
			};
			name = Release;
		};
		058DE45E1EDBA84D002EAEB4 /* Debug */ = {
			isa = XCBuildConfiguration;
			buildSettings = {
				DEVELOPMENT_TEAM = 42PBTM6BUX;
				INFOPLIST_FILE = RSSParserUITests/Info.plist;
				LD_RUNPATH_SEARCH_PATHS = "$(inherited) @executable_path/Frameworks @loader_path/Frameworks";
				PRODUCT_BUNDLE_IDENTIFIER = com.jelfar.RSSParserUITests;
				PRODUCT_NAME = "$(TARGET_NAME)";
				TEST_TARGET_NAME = RSSParser;
			};
			name = Debug;
		};
		058DE45F1EDBA84D002EAEB4 /* Release */ = {
			isa = XCBuildConfiguration;
			buildSettings = {
				DEVELOPMENT_TEAM = 42PBTM6BUX;
				INFOPLIST_FILE = RSSParserUITests/Info.plist;
				LD_RUNPATH_SEARCH_PATHS = "$(inherited) @executable_path/Frameworks @loader_path/Frameworks";
				PRODUCT_BUNDLE_IDENTIFIER = com.jelfar.RSSParserUITests;
				PRODUCT_NAME = "$(TARGET_NAME)";
				TEST_TARGET_NAME = RSSParser;
			};
			name = Release;
		};
/* End XCBuildConfiguration section */

/* Begin XCConfigurationList section */
		058DE4251EDBA84D002EAEB4 /* Build configuration list for PBXProject "RSSParser" */ = {
			isa = XCConfigurationList;
			buildConfigurations = (
				058DE4551EDBA84D002EAEB4 /* Debug */,
				058DE4561EDBA84D002EAEB4 /* Release */,
			);
			defaultConfigurationIsVisible = 0;
			defaultConfigurationName = Release;
		};
		058DE4571EDBA84D002EAEB4 /* Build configuration list for PBXNativeTarget "RSSParser" */ = {
			isa = XCConfigurationList;
			buildConfigurations = (
				058DE4581EDBA84D002EAEB4 /* Debug */,
				058DE4591EDBA84D002EAEB4 /* Release */,
			);
			defaultConfigurationIsVisible = 0;
			defaultConfigurationName = Release;
		};
		058DE45A1EDBA84D002EAEB4 /* Build configuration list for PBXNativeTarget "RSSParserTests" */ = {
			isa = XCConfigurationList;
			buildConfigurations = (
				058DE45B1EDBA84D002EAEB4 /* Debug */,
				058DE45C1EDBA84D002EAEB4 /* Release */,
			);
			defaultConfigurationIsVisible = 0;
			defaultConfigurationName = Release;
		};
		058DE45D1EDBA84D002EAEB4 /* Build configuration list for PBXNativeTarget "RSSParserUITests" */ = {
			isa = XCConfigurationList;
			buildConfigurations = (
				058DE45E1EDBA84D002EAEB4 /* Debug */,
				058DE45F1EDBA84D002EAEB4 /* Release */,
			);
			defaultConfigurationIsVisible = 0;
			defaultConfigurationName = Release;
		};
/* End XCConfigurationList section */
	};
	rootObject = 058DE4221EDBA84D002EAEB4 /* Project object */;
}
